
Microsoft Visual Studio Solution File, Format Version 12.00
# Visual Studio Version 16
VisualStudioVersion = 16.0.30114.105
MinimumVisualStudioVersion = 10.0.40219.1
Project("{9A19103F-16F7-4668-BE54-9A1E7A4F7556}") = "Maya.Ext", "Maya.Ext\Maya.Ext.csproj", "{9EA11083-2114-4706-8C2D-9555BCEA2654}"
EndProject
Project("{2150E333-8FDC-42A3-9474-1A3956D46DE8}") = "Tests", "Tests", "{0BA91B17-7DB2-4D58-A2CE-228BDBDF659F}"
EndProject
Project("{2150E333-8FDC-42A3-9474-1A3956D46DE8}") = "Solution Items", "Solution Items", "{92C93C49-8ADE-4717-91B3-B96585715638}"
	ProjectSection(SolutionItems) = preProject
		.editorconfig = .editorconfig
		Directory.Build.props = Directory.Build.props
		global.json = global.json
		nuget.config = nuget.config
	EndProjectSection
EndProject
Global
	GlobalSection(SolutionConfigurationPlatforms) = preSolution
		Debug|Any CPU = Debug|Any CPU
		Debug|x64 = Debug|x64
		Debug|x86 = Debug|x86
		Release|Any CPU = Release|Any CPU
		Release|x64 = Release|x64
		Release|x86 = Release|x86
	EndGlobalSection
	GlobalSection(ProjectConfigurationPlatforms) = postSolution
		{9EA11083-2114-4706-8C2D-9555BCEA2654}.Debug|Any CPU.ActiveCfg = Debug|Any CPU
		{9EA11083-2114-4706-8C2D-9555BCEA2654}.Debug|Any CPU.Build.0 = Debug|Any CPU
		{9EA11083-2114-4706-8C2D-9555BCEA2654}.Debug|x64.ActiveCfg = Debug|Any CPU
		{9EA11083-2114-4706-8C2D-9555BCEA2654}.Debug|x64.Build.0 = Debug|Any CPU
		{9EA11083-2114-4706-8C2D-9555BCEA2654}.Debug|x86.ActiveCfg = Debug|Any CPU
		{9EA11083-2114-4706-8C2D-9555BCEA2654}.Debug|x86.Build.0 = Debug|Any CPU
		{9EA11083-2114-4706-8C2D-9555BCEA2654}.Release|Any CPU.ActiveCfg = Release|Any CPU
		{9EA11083-2114-4706-8C2D-9555BCEA2654}.Release|Any CPU.Build.0 = Release|Any CPU
		{9EA11083-2114-4706-8C2D-9555BCEA2654}.Release|x64.ActiveCfg = Release|Any CPU
		{9EA11083-2114-4706-8C2D-9555BCEA2654}.Release|x64.Build.0 = Release|Any CPU
		{9EA11083-2114-4706-8C2D-9555BCEA2654}.Release|x86.ActiveCfg = Release|Any CPU
		{9EA11083-2114-4706-8C2D-9555BCEA2654}.Release|x86.Build.0 = Release|Any CPU
	EndGlobalSection
	GlobalSection(SolutionProperties) = preSolution
		HideSolutionNode = FALSE
	EndGlobalSection
	GlobalSection(ExtensibilityGlobals) = postSolution
		SolutionGuid = {FCA3F2C5-D400-4F66-BD50-5BBD1723AFA0}
	EndGlobalSection
EndGlobal
